
Microsoft Visual Studio Solution File, Format Version 12.00
# Visual Studio Version 17
VisualStudioVersion = 17.7.34024.191
MinimumVisualStudioVersion = 10.0.40219.1
Project("{FAE04EC0-301F-11D3-BF4B-00C04F79EFBC}") = "MyFirstApp", "MyFirstApp.csproj", "{6DB69B09-8677-4A14-864F-BE1BF8D62229}"
EndProject
Global
	GlobalSection(SolutionConfigurationPlatforms) = preSolution
		Debug|Any CPU = Debug|Any CPU
		Release|Any CPU = Release|Any CPU
	EndGlobalSection
	GlobalSection(ProjectConfigurationPlatforms) = postSolution
		{6DB69B09-8677-4A14-864F-BE1BF8D62229}.Debug|Any CPU.ActiveCfg = Debug|Any CPU
		{6DB69B09-8677-4A14-864F-BE1BF8D62229}.Debug|Any CPU.Build.0 = Debug|Any CPU
		{6DB69B09-8677-4A14-864F-BE1BF8D62229}.Release|Any CPU.ActiveCfg = Release|Any CPU
		{6DB69B09-8677-4A14-864F-BE1BF8D62229}.Release|Any CPU.Build.0 = Release|Any CPU
	EndGlobalSection
	GlobalSection(SolutionProperties) = preSolution
		HideSolutionNode = FALSE
	EndGlobalSection
	GlobalSection(ExtensibilityGlobals) = postSolution
		SolutionGuid = {4872EF50-DF98-4C04-AA99-38A181948AEE}
	EndGlobalSection
EndGlobal
